
Microsoft Visual Studio Solution File, Format Version 12.00
# Visual Studio Version 16
VisualStudioVersion = 16.0.29709.97
MinimumVisualStudioVersion = 10.0.40219.1
Project("{8BC9CEB8-8B4A-11D0-8D11-00A0C91BC942}") = "5.12.1 Основы теории символов и строк", "5.12.1 Основы теории символов и строк\5.12.1 Основы теории символов и строк.vcxproj", "{7496EE15-375F-455C-B25E-68D5D97536E8}"
EndProject
Global
	GlobalSection(SolutionConfigurationPlatforms) = preSolution
		Debug|x64 = Debug|x64
		Debug|x86 = Debug|x86
		Release|x64 = Release|x64
		Release|x86 = Release|x86
	EndGlobalSection
	GlobalSection(ProjectConfigurationPlatforms) = postSolution
		{7496EE15-375F-455C-B25E-68D5D97536E8}.Debug|x64.ActiveCfg = Debug|x64
		{7496EE15-375F-455C-B25E-68D5D97536E8}.Debug|x64.Build.0 = Debug|x64
		{7496EE15-375F-455C-B25E-68D5D97536E8}.Debug|x86.ActiveCfg = Debug|Win32
		{7496EE15-375F-455C-B25E-68D5D97536E8}.Debug|x86.Build.0 = Debug|Win32
		{7496EE15-375F-455C-B25E-68D5D97536E8}.Release|x64.ActiveCfg = Release|x64
		{7496EE15-375F-455C-B25E-68D5D97536E8}.Release|x64.Build.0 = Release|x64
		{7496EE15-375F-455C-B25E-68D5D97536E8}.Release|x86.ActiveCfg = Release|Win32
		{7496EE15-375F-455C-B25E-68D5D97536E8}.Release|x86.Build.0 = Release|Win32
	EndGlobalSection
	GlobalSection(SolutionProperties) = preSolution
		HideSolutionNode = FALSE
	EndGlobalSection
	GlobalSection(ExtensibilityGlobals) = postSolution
		SolutionGuid = {67FD1540-04EF-45BF-BB48-68BE80F522CE}
	EndGlobalSection
EndGlobal
