
Microsoft Visual Studio Solution File, Format Version 12.00
# Visual Studio Version 16
VisualStudioVersion = 16.0.29709.97
MinimumVisualStudioVersion = 10.0.40219.1
Project("{8BC9CEB8-8B4A-11D0-8D11-00A0C91BC942}") = "4.35", "4.35\4.35.vcxproj", "{080F7F28-D5B2-418B-A80D-1A8A4CDF7B77}"
EndProject
Global
	GlobalSection(SolutionConfigurationPlatforms) = preSolution
		Debug|x64 = Debug|x64
		Debug|x86 = Debug|x86
		Release|x64 = Release|x64
		Release|x86 = Release|x86
	EndGlobalSection
	GlobalSection(ProjectConfigurationPlatforms) = postSolution
		{080F7F28-D5B2-418B-A80D-1A8A4CDF7B77}.Debug|x64.ActiveCfg = Debug|x64
		{080F7F28-D5B2-418B-A80D-1A8A4CDF7B77}.Debug|x64.Build.0 = Debug|x64
		{080F7F28-D5B2-418B-A80D-1A8A4CDF7B77}.Debug|x86.ActiveCfg = Debug|Win32
		{080F7F28-D5B2-418B-A80D-1A8A4CDF7B77}.Debug|x86.Build.0 = Debug|Win32
		{080F7F28-D5B2-418B-A80D-1A8A4CDF7B77}.Release|x64.ActiveCfg = Release|x64
		{080F7F28-D5B2-418B-A80D-1A8A4CDF7B77}.Release|x64.Build.0 = Release|x64
		{080F7F28-D5B2-418B-A80D-1A8A4CDF7B77}.Release|x86.ActiveCfg = Release|Win32
		{080F7F28-D5B2-418B-A80D-1A8A4CDF7B77}.Release|x86.Build.0 = Release|Win32
	EndGlobalSection
	GlobalSection(SolutionProperties) = preSolution
		HideSolutionNode = FALSE
	EndGlobalSection
	GlobalSection(ExtensibilityGlobals) = postSolution
		SolutionGuid = {6425B1CD-E1C7-4732-BCE8-3DAEDAE25DC3}
	EndGlobalSection
EndGlobal
