
Microsoft Visual Studio Solution File, Format Version 12.00
# Visual Studio Version 16
VisualStudioVersion = 16.0.29709.97
MinimumVisualStudioVersion = 10.0.40219.1
Project("{8BC9CEB8-8B4A-11D0-8D11-00A0C91BC942}") = "5.13 Покер на двоих", "5.13 Покер на двоих\5.13 Покер на двоих.vcxproj", "{C5AB9D94-4F94-41C8-A6A6-80FFFCC96E29}"
EndProject
Global
	GlobalSection(SolutionConfigurationPlatforms) = preSolution
		Debug|x64 = Debug|x64
		Debug|x86 = Debug|x86
		Release|x64 = Release|x64
		Release|x86 = Release|x86
	EndGlobalSection
	GlobalSection(ProjectConfigurationPlatforms) = postSolution
		{C5AB9D94-4F94-41C8-A6A6-80FFFCC96E29}.Debug|x64.ActiveCfg = Debug|x64
		{C5AB9D94-4F94-41C8-A6A6-80FFFCC96E29}.Debug|x64.Build.0 = Debug|x64
		{C5AB9D94-4F94-41C8-A6A6-80FFFCC96E29}.Debug|x86.ActiveCfg = Debug|Win32
		{C5AB9D94-4F94-41C8-A6A6-80FFFCC96E29}.Debug|x86.Build.0 = Debug|Win32
		{C5AB9D94-4F94-41C8-A6A6-80FFFCC96E29}.Release|x64.ActiveCfg = Release|x64
		{C5AB9D94-4F94-41C8-A6A6-80FFFCC96E29}.Release|x64.Build.0 = Release|x64
		{C5AB9D94-4F94-41C8-A6A6-80FFFCC96E29}.Release|x86.ActiveCfg = Release|Win32
		{C5AB9D94-4F94-41C8-A6A6-80FFFCC96E29}.Release|x86.Build.0 = Release|Win32
	EndGlobalSection
	GlobalSection(SolutionProperties) = preSolution
		HideSolutionNode = FALSE
	EndGlobalSection
	GlobalSection(ExtensibilityGlobals) = postSolution
		SolutionGuid = {00109B34-7161-4797-B376-3A43E38E6453}
	EndGlobalSection
EndGlobal
