
Microsoft Visual Studio Solution File, Format Version 12.00
# Visual Studio Version 16
VisualStudioVersion = 16.0.29709.97
MinimumVisualStudioVersion = 10.0.40219.1
Project("{8BC9CEB8-8B4A-11D0-8D11-00A0C91BC942}") = "main", "main\main.vcxproj", "{500F945B-ED3D-4CC6-B300-9125899EA897}"
EndProject
Global
	GlobalSection(SolutionConfigurationPlatforms) = preSolution
		Debug|x64 = Debug|x64
		Debug|x86 = Debug|x86
		Release|x64 = Release|x64
		Release|x86 = Release|x86
	EndGlobalSection
	GlobalSection(ProjectConfigurationPlatforms) = postSolution
		{500F945B-ED3D-4CC6-B300-9125899EA897}.Debug|x64.ActiveCfg = Debug|x64
		{500F945B-ED3D-4CC6-B300-9125899EA897}.Debug|x64.Build.0 = Debug|x64
		{500F945B-ED3D-4CC6-B300-9125899EA897}.Debug|x86.ActiveCfg = Debug|Win32
		{500F945B-ED3D-4CC6-B300-9125899EA897}.Debug|x86.Build.0 = Debug|Win32
		{500F945B-ED3D-4CC6-B300-9125899EA897}.Release|x64.ActiveCfg = Release|x64
		{500F945B-ED3D-4CC6-B300-9125899EA897}.Release|x64.Build.0 = Release|x64
		{500F945B-ED3D-4CC6-B300-9125899EA897}.Release|x86.ActiveCfg = Release|Win32
		{500F945B-ED3D-4CC6-B300-9125899EA897}.Release|x86.Build.0 = Release|Win32
	EndGlobalSection
	GlobalSection(SolutionProperties) = preSolution
		HideSolutionNode = FALSE
	EndGlobalSection
	GlobalSection(ExtensibilityGlobals) = postSolution
		SolutionGuid = {B7808C2F-A220-462B-8295-F9BEACD1F4B7}
	EndGlobalSection
EndGlobal
