
Microsoft Visual Studio Solution File, Format Version 12.00
# Visual Studio Version 16
VisualStudioVersion = 16.0.29709.97
MinimumVisualStudioVersion = 10.0.40219.1
Project("{8BC9CEB8-8B4A-11D0-8D11-00A0C91BC942}") = "13.14(ThrowNew1)", "13.14(ThrowNew1)\13.14(ThrowNew1).vcxproj", "{503153A2-0E6C-4FAA-88F5-78F53F83D1AF}"
EndProject
Global
	GlobalSection(SolutionConfigurationPlatforms) = preSolution
		Debug|x64 = Debug|x64
		Debug|x86 = Debug|x86
		Release|x64 = Release|x64
		Release|x86 = Release|x86
	EndGlobalSection
	GlobalSection(ProjectConfigurationPlatforms) = postSolution
		{503153A2-0E6C-4FAA-88F5-78F53F83D1AF}.Debug|x64.ActiveCfg = Debug|x64
		{503153A2-0E6C-4FAA-88F5-78F53F83D1AF}.Debug|x64.Build.0 = Debug|x64
		{503153A2-0E6C-4FAA-88F5-78F53F83D1AF}.Debug|x86.ActiveCfg = Debug|Win32
		{503153A2-0E6C-4FAA-88F5-78F53F83D1AF}.Debug|x86.Build.0 = Debug|Win32
		{503153A2-0E6C-4FAA-88F5-78F53F83D1AF}.Release|x64.ActiveCfg = Release|x64
		{503153A2-0E6C-4FAA-88F5-78F53F83D1AF}.Release|x64.Build.0 = Release|x64
		{503153A2-0E6C-4FAA-88F5-78F53F83D1AF}.Release|x86.ActiveCfg = Release|Win32
		{503153A2-0E6C-4FAA-88F5-78F53F83D1AF}.Release|x86.Build.0 = Release|Win32
	EndGlobalSection
	GlobalSection(SolutionProperties) = preSolution
		HideSolutionNode = FALSE
	EndGlobalSection
	GlobalSection(ExtensibilityGlobals) = postSolution
		SolutionGuid = {2222CFC4-765B-47F9-AD08-AD725B8FB3AA}
	EndGlobalSection
EndGlobal
