
Microsoft Visual Studio Solution File, Format Version 12.00
# Visual Studio Version 16
VisualStudioVersion = 16.0.29709.97
MinimumVisualStudioVersion = 10.0.40219.1
Project("{8BC9CEB8-8B4A-11D0-8D11-00A0C91BC942}") = "main", "main\main.vcxproj", "{F3D111E5-4453-4DB1-80D8-595C39ED42DD}"
EndProject
Global
	GlobalSection(SolutionConfigurationPlatforms) = preSolution
		Debug|x64 = Debug|x64
		Debug|x86 = Debug|x86
		Release|x64 = Release|x64
		Release|x86 = Release|x86
	EndGlobalSection
	GlobalSection(ProjectConfigurationPlatforms) = postSolution
		{F3D111E5-4453-4DB1-80D8-595C39ED42DD}.Debug|x64.ActiveCfg = Debug|x64
		{F3D111E5-4453-4DB1-80D8-595C39ED42DD}.Debug|x64.Build.0 = Debug|x64
		{F3D111E5-4453-4DB1-80D8-595C39ED42DD}.Debug|x86.ActiveCfg = Debug|Win32
		{F3D111E5-4453-4DB1-80D8-595C39ED42DD}.Debug|x86.Build.0 = Debug|Win32
		{F3D111E5-4453-4DB1-80D8-595C39ED42DD}.Release|x64.ActiveCfg = Release|x64
		{F3D111E5-4453-4DB1-80D8-595C39ED42DD}.Release|x64.Build.0 = Release|x64
		{F3D111E5-4453-4DB1-80D8-595C39ED42DD}.Release|x86.ActiveCfg = Release|Win32
		{F3D111E5-4453-4DB1-80D8-595C39ED42DD}.Release|x86.Build.0 = Release|Win32
	EndGlobalSection
	GlobalSection(SolutionProperties) = preSolution
		HideSolutionNode = FALSE
	EndGlobalSection
	GlobalSection(ExtensibilityGlobals) = postSolution
		SolutionGuid = {C450EED8-A47B-484A-B0C7-06F84B3A531E}
	EndGlobalSection
EndGlobal
